
Microsoft Visual Studio Solution File, Format Version 12.00
# Visual Studio Version 17
VisualStudioVersion = 17.2.32516.85
MinimumVisualStudioVersion = 10.0.40219.1
Project("{FAE04EC0-301F-11D3-BF4B-00C04F79EFBC}") = "ForExercise", "ForExercise\ForExercise.csproj", "{ABA23260-5F4C-4600-9B2D-E5B9865B6658}"
EndProject
Global
	GlobalSection(SolutionConfigurationPlatforms) = preSolution
		Debug|Any CPU = Debug|Any CPU
		Release|Any CPU = Release|Any CPU
	EndGlobalSection
	GlobalSection(ProjectConfigurationPlatforms) = postSolution
		{ABA23260-5F4C-4600-9B2D-E5B9865B6658}.Debug|Any CPU.ActiveCfg = Debug|Any CPU
		{ABA23260-5F4C-4600-9B2D-E5B9865B6658}.Debug|Any CPU.Build.0 = Debug|Any CPU
		{ABA23260-5F4C-4600-9B2D-E5B9865B6658}.Release|Any CPU.ActiveCfg = Release|Any CPU
		{ABA23260-5F4C-4600-9B2D-E5B9865B6658}.Release|Any CPU.Build.0 = Release|Any CPU
	EndGlobalSection
	GlobalSection(SolutionProperties) = preSolution
		HideSolutionNode = FALSE
	EndGlobalSection
	GlobalSection(ExtensibilityGlobals) = postSolution
		SolutionGuid = {ABA406FD-0AE3-4D51-8F84-5599CFDC91BF}
	EndGlobalSection
EndGlobal
